dependencies:
- name: mysql
  repository: oci://registry-1.docker.io/bitnamicharts
  version: 12.3.5
- name: redis
  repository: oci://registry-1.docker.io/bitnamicharts
  version: 21.2.3
digest: sha256:be8bf54a610c006ae6f0ba04db537771e9e7dc5aedfd96fecfa3196be10569d1
generated: "2025-06-13T20:39:00.916643279Z"
